schema: '2.0'
stages:
  classification_models:
    cmd: cmd /c "cd olympicskedro && python -m kedro run 
      --pipeline=classification"
    deps:
    - path: olympicskedro/src/olympicskedro/pipelines/classification/nodes.py
      hash: md5
      md5: c1316b7208c9317b0a684214b4df4c60
      size: 11283
    outs:
    - path: olympicskedro/data/07_model_output
      hash: md5
      md5: b359bd3735c6fec6549312836d939558.dir
      size: 7863
      nfiles: 1
