schema: '2.0'
stages:
  classification_models:
    cmd: python -m kedro run --pipeline=classification
    deps:
    - path: data/02_intermediate/summer_with_medal_flag.parquet
      hash: md5
      md5: 27f5c84a663e2563aebb5f414d6f9748
      size: 630915
    - path: src/olympicskedro/pipelines/classification/nodes.py
      hash: md5
      md5: f9f7b5420c0e1b1a238e397c3bad259e
      size: 11288
    outs:
    - path: data/06_models/classification/
      hash: md5
      md5: ede13a647afc24a93847c6056f90a5d0.dir
      size: 4643100
      nfiles: 5
    - path: data/08_reporting/classification_metrics_flat.json
      hash: md5
      md5: d04e9c35fde1cfc4a54c1d9694f7ae0b
      size: 1097
  regression_models:
    cmd: python -m kedro run --pipeline=regression
    deps:
    - path: data/02_intermediate/summer_with_medal_flag.parquet
      hash: md5
      md5: 27f5c84a663e2563aebb5f414d6f9748
      size: 630915
    - path: src/olympicskedro/pipelines/regression/nodes.py
      hash: md5
      md5: d9e4f453af968a66da08e443b9786e5e
      size: 13872
    outs:
    - path: data/06_models/regression/
      hash: md5
      md5: c903126f0e35b855bceca6367dde901a.dir
      size: 1087611
      nfiles: 5
    - path: data/08_reporting/regression_metrics_flat.json
      hash: md5
      md5: 2259843bdd9a6f18575e65c87f5b96ee
      size: 1134
